// !$*UTF8*$!
{
	archiveVersion = 1;
	classes = {
	};
	objectVersion = 55;
	objects = {

/* Begin PBXBuildFile section */
		3AC6CD60273B08E000362725 /* Mod_1_final_assignmentApp.swift in Sources */ = {isa = PBXBuildFile; fileRef = 3AC6CD5F273B08E000362725 /* Mod_1_final_assignmentApp.swift */; };
		3AC6CD62273B08E000362725 /* ContentView.swift in Sources */ = {isa = PBXBuildFile; fileRef = 3AC6CD61273B08E000362725 /* ContentView.swift */; };
		3AC6CD64273B08E200362725 /* Assets.xcassets in Resources */ = {isa = PBXBuildFile; fileRef = 3AC6CD63273B08E200362725 /* Assets.xcassets */; };
		3AC6CD67273B08E200362725 /* Preview Assets.xcassets in Resources */ = {isa = PBXBuildFile; fileRef = 3AC6CD66273B08E200362725 /* Preview Assets.xcassets */; };
		3AC6CD6E273B492900362725 /* Card 2.swift in Sources */ = {isa = PBXBuildFile; fileRef = 3AC6CD6D273B492900362725 /* Card 2.swift */; };
		3AC6CD70273B4E9000362725 /* card 3.swift in Sources */ = {isa = PBXBuildFile; fileRef = 3AC6CD6F273B4E9000362725 /* card 3.swift */; };
		3AC6CD72273C963E00362725 /* Card 4.swift in Sources */ = {isa = PBXBuildFile; fileRef = 3AC6CD71273C963E00362725 /* Card 4.swift */; };
		3AC6CD74273C999D00362725 /* Card 5.swift in Sources */ = {isa = PBXBuildFile; fileRef = 3AC6CD73273C999D00362725 /* Card 5.swift */; };
		3AC6CD76273C9EBE00362725 /* ListView.swift in Sources */ = {isa = PBXBuildFile; fileRef = 3AC6CD75273C9EBE00362725 /* ListView.swift */; };
/* End PBXBuildFile section */

/* Begin PBXFileReference section */
		3AC6CD5C273B08E000362725 /* Mod 1 final assignment.app */ = {isa = PBXFileReference; explicitFileType = wrapper.application; includeInIndex = 0; path = "Mod 1 final assignment.app"; sourceTree = BUILT_PRODUCTS_DIR; };
		3AC6CD5F273B08E000362725 /* Mod_1_final_assignmentApp.swift */ = {isa = PBXFileReference; lastKnownFileType = sourcecode.swift; path = Mod_1_final_assignmentApp.swift; sourceTree = "<group>"; };
		3AC6CD61273B08E000362725 /* ContentView.swift */ = {isa = PBXFileReference; lastKnownFileType = sourcecode.swift; path = ContentView.swift; sourceTree = "<group>"; };
		3AC6CD63273B08E200362725 /* Assets.xcassets */ = {isa = PBXFileReference; lastKnownFileType = folder.assetcatalog; path = Assets.xcassets; sourceTree = "<group>"; };
		3AC6CD66273B08E200362725 /* Preview Assets.xcassets */ = {isa = PBXFileReference; lastKnownFileType = folder.assetcatalog; path = "Preview Assets.xcassets"; sourceTree = "<group>"; };
		3AC6CD6D273B492900362725 /* Card 2.swift */ = {isa = PBXFileReference; lastKnownFileType = sourcecode.swift; path = "Card 2.swift"; sourceTree = "<group>"; };
		3AC6CD6F273B4E9000362725 /* card 3.swift */ = {isa = PBXFileReference; lastKnownFileType = sourcecode.swift; path = "card 3.swift"; sourceTree = "<group>"; };
		3AC6CD71273C963E00362725 /* Card 4.swift */ = {isa = PBXFileReference; lastKnownFileType = sourcecode.swift; path = "Card 4.swift"; sourceTree = "<group>"; };
		3AC6CD73273C999D00362725 /* Card 5.swift */ = {isa = PBXFileReference; lastKnownFileType = sourcecode.swift; path = "Card 5.swift"; sourceTree = "<group>"; };
		3AC6CD75273C9EBE00362725 /* ListView.swift */ = {isa = PBXFileReference; lastKnownFileType = sourcecode.swift; path = ListView.swift; sourceTree = "<group>"; };
/* End PBXFileReference section */

/* Begin PBXFrameworksBuildPhase section */
		3AC6CD59273B08E000362725 /* Frameworks */ = {
			isa = PBXFrameworksBuildPhase;
			buildActionMask = 2147483647;
			files = (
			);
			runOnlyForDeploymentPostprocessing = 0;
		};
/* End PBXFrameworksBuildPhase section */

/* Begin PBXGroup section */
		3AC6CD53273B08E000362725 = {
			isa = PBXGroup;
			children = (
				3AC6CD5E273B08E000362725 /* Mod 1 final assignment */,
				3AC6CD5D273B08E000362725 /* Products */,
			);
			sourceTree = "<group>";
		};
		3AC6CD5D273B08E000362725 /* Products */ = {
			isa = PBXGroup;
			children = (
				3AC6CD5C273B08E000362725 /* Mod 1 final assignment.app */,
			);
			name = Products;
			sourceTree = "<group>";
		};
		3AC6CD5E273B08E000362725 /* Mod 1 final assignment */ = {
			isa = PBXGroup;
			children = (
				3AC6CD5F273B08E000362725 /* Mod_1_final_assignmentApp.swift */,
				3AC6CD61273B08E000362725 /* ContentView.swift */,
				3AC6CD6D273B492900362725 /* Card 2.swift */,
				3AC6CD6F273B4E9000362725 /* card 3.swift */,
				3AC6CD71273C963E00362725 /* Card 4.swift */,
				3AC6CD73273C999D00362725 /* Card 5.swift */,
				3AC6CD75273C9EBE00362725 /* ListView.swift */,
				3AC6CD63273B08E200362725 /* Assets.xcassets */,
				3AC6CD65273B08E200362725 /* Preview Content */,
			);
			path = "Mod 1 final assignment";
			sourceTree = "<group>";
		};
		3AC6CD65273B08E200362725 /* Preview Content */ = {
			isa = PBXGroup;
			children = (
				3AC6CD66273B08E200362725 /* Preview Assets.xcassets */,
			);
			path = "Preview Content";
			sourceTree = "<group>";
		};
/* End PBXGroup section */

/* Begin PBXNativeTarget section */
		3AC6CD5B273B08E000362725 /* Mod 1 final assignment */ = {
			isa = PBXNativeTarget;
			buildConfigurationList = 3AC6CD6A273B08E200362725 /* Build configuration list for PBXNativeTarget "Mod 1 final assignment" */;
			buildPhases = (
				3AC6CD58273B08E000362725 /* Sources */,
				3AC6CD59273B08E000362725 /* Frameworks */,
				3AC6CD5A273B08E000362725 /* Resources */,
			);
			buildRules = (
			);
			dependencies = (
			);
			name = "Mod 1 final assignment";
			productName = "Mod 1 final assignment";
			productReference = 3AC6CD5C273B08E000362725 /* Mod 1 final assignment.app */;
			productType = "com.apple.product-type.application";
		};
/* End PBXNativeTarget section */

/* Begin PBXProject section */
		3AC6CD54273B08E000362725 /* Project object */ = {
			isa = PBXProject;
			attributes = {
				BuildIndependentTargetsInParallel = 1;
				LastSwiftUpdateCheck = 1300;
				LastUpgradeCheck = 1300;
				TargetAttributes = {
					3AC6CD5B273B08E000362725 = {
						CreatedOnToolsVersion = 13.0;
					};
				};
			};
			buildConfigurationList = 3AC6CD57273B08E000362725 /* Build configuration list for PBXProject "Mod 1 final assignment" */;
			compatibilityVersion = "Xcode 13.0";
			developmentRegion = en;
			hasScannedForEncodings = 0;
			knownRegions = (
				en,
				Base,
			);
			mainGroup = 3AC6CD53273B08E000362725;
			productRefGroup = 3AC6CD5D273B08E000362725 /* Products */;
			projectDirPath = "";
			projectRoot = "";
			targets = (
				3AC6CD5B273B08E000362725 /* Mod 1 final assignment */,
			);
		};
/* End PBXProject section */

/* Begin PBXResourcesBuildPhase section */
		3AC6CD5A273B08E000362725 /* Resources */ = {
			isa = PBXResourcesBuildPhase;
			buildActionMask = 2147483647;
			files = (
				3AC6CD67273B08E200362725 /* Preview Assets.xcassets in Resources */,
				3AC6CD64273B08E200362725 /* Assets.xcassets in Resources */,
			);
			runOnlyForDeploymentPostprocessing = 0;
		};
/* End PBXResourcesBuildPhase section */

/* Begin PBXSourcesBuildPhase section */
		3AC6CD58273B08E000362725 /* Sources */ = {
			isa = PBXSourcesBuildPhase;
			buildActionMask = 2147483647;
			files = (
				3AC6CD70273B4E9000362725 /* card 3.swift in Sources */,
				3AC6CD62273B08E000362725 /* ContentView.swift in Sources */,
				3AC6CD74273C999D00362725 /* Card 5.swift in Sources */,
				3AC6CD76273C9EBE00362725 /* ListView.swift in Sources */,
				3AC6CD60273B08E000362725 /* Mod_1_final_assignmentApp.swift in Sources */,
				3AC6CD72273C963E00362725 /* Card 4.swift in Sources */,
				3AC6CD6E273B492900362725 /* Card 2.swift in Sources */,
			);
			runOnlyForDeploymentPostprocessing = 0;
		};
/* End PBXSourcesBuildPhase section */

/* Begin XCBuildConfiguration section */
		3AC6CD68273B08E200362725 /* Debug */ = {
			isa = XCBuildConfiguration;
			buildSettings = {
				ALWAYS_SEARCH_USER_PATHS = NO;
				CLANG_ANALYZER_NONNULL = YES;
				CLANG_ANALYZER_NUMBER_OBJECT_CONVERSION = YES_AGGRESSIVE;
				CLANG_CXX_LANGUAGE_STANDARD = "gnu++17";
				CLANG_CXX_LIBRARY = "libc++";
				CLANG_ENABLE_MODULES = YES;
				CLANG_ENABLE_OBJC_ARC = YES;
				CLANG_ENABLE_OBJC_WEAK = YES;
				CLANG_WARN_BLOCK_CAPTURE_AUTORELEASING = YES;
				CLANG_WARN_BOOL_CONVERSION = YES;
				CLANG_WARN_COMMA = YES;
				CLANG_WARN_CONSTANT_CONVERSION = YES;
				CLANG_WARN_DEPRECATED_OBJC_IMPLEMENTATIONS = YES;
				CLANG_WARN_DIRECT_OBJC_ISA_USAGE = YES_ERROR;
				CLANG_WARN_DOCUMENTATION_COMMENTS = YES;
				CLANG_WARN_EMPTY_BODY = YES;
				CLANG_WARN_ENUM_CONVERSION = YES;
				CLANG_WARN_INFINITE_RECURSION = YES;
				CLANG_WARN_INT_CONVERSION = YES;
				CLANG_WARN_NON_LITERAL_NULL_CONVERSION = YES;
				CLANG_WARN_OBJC_IMPLICIT_RETAIN_SELF = YES;
				CLANG_WARN_OBJC_LITERAL_CONVERSION = YES;
				CLANG_WARN_OBJC_ROOT_CLASS = YES_ERROR;
				CLANG_WARN_QUOTED_INCLUDE_IN_FRAMEWORK_HEADER = YES;
				CLANG_WARN_RANGE_LOOP_ANALYSIS = YES;
				CLANG_WARN_STRICT_PROTOTYPES = YES;
				CLANG_WARN_SUSPICIOUS_MOVE = YES;
				CLANG_WARN_UNGUARDED_AVAILABILITY = YES_AGGRESSIVE;
				CLANG_WARN_UNREACHABLE_CODE = YES;
				CLANG_WARN__DUPLICATE_METHOD_MATCH = YES;
				COPY_PHASE_STRIP = NO;
				DEBUG_INFORMATION_FORMAT = dwarf;
				ENABLE_STRICT_OBJC_MSGSEND = YES;
				ENABLE_TESTABILITY = YES;
				GCC_C_LANGUAGE_STANDARD = gnu11;
				GCC_DYNAMIC_NO_PIC = NO;
				GCC_NO_COMMON_BLOCKS = YES;
				GCC_OPTIMIZATION_LEVEL = 0;
				GCC_PREPROCESSOR_DEFINITIONS = (
					"DEBUG=1",
					"$(inherited)",
				);
				GCC_WARN_64_TO_32_BIT_CONVERSION = YES;
				GCC_WARN_ABOUT_RETURN_TYPE = YES_ERROR;
				GCC_WARN_UNDECLARED_SELECTOR = YES;
				GCC_WARN_UNINITIALIZED_AUTOS = YES_AGGRESSIVE;
				GCC_WARN_UNUSED_FUNCTION = YES;
				GCC_WARN_UNUSED_VARIABLE = YES;
				IPHONEOS_DEPLOYMENT_TARGET = 15.0;
				MTL_ENABLE_DEBUG_INFO = INCLUDE_SOURCE;
				MTL_FAST_MATH = YES;
				ONLY_ACTIVE_ARCH = YES;
				SDKROOT = iphoneos;
				SWIFT_ACTIVE_COMPILATION_CONDITIONS = DEBUG;
				SWIFT_OPTIMIZATION_LEVEL = "-Onone";
			};
			name = Debug;
		};
		3AC6CD69273B08E200362725 /* Release */ = {
			isa = XCBuildConfiguration;
			buildSettings = {
				ALWAYS_SEARCH_USER_PATHS = NO;
				CLANG_ANALYZER_NONNULL = YES;
				CLANG_ANALYZER_NUMBER_OBJECT_CONVERSION = YES_AGGRESSIVE;
				CLANG_CXX_LANGUAGE_STANDARD = "gnu++17";
				CLANG_CXX_LIBRARY = "libc++";
				CLANG_ENABLE_MODULES = YES;
				CLANG_ENABLE_OBJC_ARC = YES;
				CLANG_ENABLE_OBJC_WEAK = YES;
				CLANG_WARN_BLOCK_CAPTURE_AUTORELEASING = YES;
				CLANG_WARN_BOOL_CONVERSION = YES;
				CLANG_WARN_COMMA = YES;
				CLANG_WARN_CONSTANT_CONVERSION = YES;
				CLANG_WARN_DEPRECATED_OBJC_IMPLEMENTATIONS = YES;
				CLANG_WARN_DIRECT_OBJC_ISA_USAGE = YES_ERROR;
				CLANG_WARN_DOCUMENTATION_COMMENTS = YES;
				CLANG_WARN_EMPTY_BODY = YES;
				CLANG_WARN_ENUM_CONVERSION = YES;
				CLANG_WARN_INFINITE_RECURSION = YES;
				CLANG_WARN_INT_CONVERSION = YES;
				CLANG_WARN_NON_LITERAL_NULL_CONVERSION = YES;
				CLANG_WARN_OBJC_IMPLICIT_RETAIN_SELF = YES;
				CLANG_WARN_OBJC_LITERAL_CONVERSION = YES;
				CLANG_WARN_OBJC_ROOT_CLASS = YES_ERROR;
				CLANG_WARN_QUOTED_INCLUDE_IN_FRAMEWORK_HEADER = YES;
				CLANG_WARN_RANGE_LOOP_ANALYSIS = YES;
				CLANG_WARN_STRICT_PROTOTYPES = YES;
				CLANG_WARN_SUSPICIOUS_MOVE = YES;
				CLANG_WARN_UNGUARDED_AVAILABILITY = YES_AGGRESSIVE;
				CLANG_WARN_UNREACHABLE_CODE = YES;
				CLANG_WARN__DUPLICATE_METHOD_MATCH = YES;
				COPY_PHASE_STRIP = NO;
				DEBUG_INFORMATION_FORMAT = "dwarf-with-dsym";
				ENABLE_NS_ASSERTIONS = NO;
				ENABLE_STRICT_OBJC_MSGSEND = YES;
				GCC_C_LANGUAGE_STANDARD = gnu11;
				GCC_NO_COMMON_BLOCKS = YES;
				GCC_WARN_64_TO_32_BIT_CONVERSION = YES;
				GCC_WARN_ABOUT_RETURN_TYPE = YES_ERROR;
				GCC_WARN_UNDECLARED_SELECTOR = YES;
				GCC_WARN_UNINITIALIZED_AUTOS = YES_AGGRESSIVE;
				GCC_WARN_UNUSED_FUNCTION = YES;
				GCC_WARN_UNUSED_VARIABLE = YES;
				IPHONEOS_DEPLOYMENT_TARGET = 15.0;
				MTL_ENABLE_DEBUG_INFO = NO;
				MTL_FAST_MATH = YES;
				SDKROOT = iphoneos;
				SWIFT_COMPILATION_MODE = wholemodule;
				SWIFT_OPTIMIZATION_LEVEL = "-O";
				VALIDATE_PRODUCT = YES;
			};
			name = Release;
		};
		3AC6CD6B273B08E200362725 /* Debug */ = {
			isa = XCBuildConfiguration;
			buildSettings = {
				ASSETCATALOG_COMPILER_APPICON_NAME = AppIcon;
				ASSETCATALOG_COMPILER_GLOBAL_ACCENT_COLOR_NAME = AccentColor;
				CODE_SIGN_STYLE = Automatic;
				CURRENT_PROJECT_VERSION = 1;
				DEVELOPMENT_ASSET_PATHS = "\"Mod 1 final assignment/Preview Content\"";
				DEVELOPMENT_TEAM = TJR5HH66MG;
				ENABLE_PREVIEWS = YES;
				GENERATE_INFOPLIST_FILE = YES;
				INFOPLIST_KEY_UIApplicationSceneManifest_Generation = YES;
				INFOPLIST_KEY_UIApplicationSupportsIndirectInputEvents = YES;
				INFOPLIST_KEY_UILaunchScreen_Generation = YES;
				INFOPLIST_KEY_UISupportedInterfaceOrientations_iPad = "UIInterfaceOrientationPortrait UIInterfaceOrientationPortraitUpsideDown UIInterfaceOrientationLandscapeLeft UIInterfaceOrientationLandscapeRight";
				INFOPLIST_KEY_UISupportedInterfaceOrientations_iPhone = "UIInterfaceOrientationPortrait UIInterfaceOrientationLandscapeLeft UIInterfaceOrientationLandscapeRight";
				IPHONEOS_DEPLOYMENT_TARGET = 14.0;
				LD_RUNPATH_SEARCH_PATHS = (
					"$(inherited)",
					"@executable_path/Frameworks",
				);
				MARKETING_VERSION = 1.0;
				PRODUCT_BUNDLE_IDENTIFIER = "ca.giaogiao.Mod-1-final-assignment";
				PRODUCT_NAME = "$(TARGET_NAME)";
				SWIFT_EMIT_LOC_STRINGS = YES;
				SWIFT_VERSION = 5.0;
				TARGETED_DEVICE_FAMILY = "1,2";
			};
			name = Debug;
		};
		3AC6CD6C273B08E200362725 /* Release */ = {
			isa = XCBuildConfiguration;
			buildSettings = {
				ASSETCATALOG_COMPILER_APPICON_NAME = AppIcon;
				ASSETCATALOG_COMPILER_GLOBAL_ACCENT_COLOR_NAME = AccentColor;
				CODE_SIGN_STYLE = Automatic;
				CURRENT_PROJECT_VERSION = 1;
				DEVELOPMENT_ASSET_PATHS = "\"Mod 1 final assignment/Preview Content\"";
				DEVELOPMENT_TEAM = TJR5HH66MG;
				ENABLE_PREVIEWS = YES;
				GENERATE_INFOPLIST_FILE = YES;
				INFOPLIST_KEY_UIApplicationSceneManifest_Generation = YES;
				INFOPLIST_KEY_UIApplicationSupportsIndirectInputEvents = YES;
				INFOPLIST_KEY_UILaunchScreen_Generation = YES;
				INFOPLIST_KEY_UISupportedInterfaceOrientations_iPad = "UIInterfaceOrientationPortrait UIInterfaceOrientationPortraitUpsideDown UIInterfaceOrientationLandscapeLeft UIInterfaceOrientationLandscapeRight";
				INFOPLIST_KEY_UISupportedInterfaceOrientations_iPhone = "UIInterfaceOrientationPortrait UIInterfaceOrientationLandscapeLeft UIInterfaceOrientationLandscapeRight";
				IPHONEOS_DEPLOYMENT_TARGET = 14.0;
				LD_RUNPATH_SEARCH_PATHS = (
					"$(inherited)",
					"@executable_path/Frameworks",
				);
				MARKETING_VERSION = 1.0;
				PRODUCT_BUNDLE_IDENTIFIER = "ca.giaogiao.Mod-1-final-assignment";
				PRODUCT_NAME = "$(TARGET_NAME)";
				SWIFT_EMIT_LOC_STRINGS = YES;
				SWIFT_VERSION = 5.0;
				TARGETED_DEVICE_FAMILY = "1,2";
			};
			name = Release;
		};
/* End XCBuildConfiguration section */

/* Begin XCConfigurationList section */
		3AC6CD57273B08E000362725 /* Build configuration list for PBXProject "Mod 1 final assignment" */ = {
			isa = XCConfigurationList;
			buildConfigurations = (
				3AC6CD68273B08E200362725 /* Debug */,
				3AC6CD69273B08E200362725 /* Release */,
			);
			defaultConfigurationIsVisible = 0;
			defaultConfigurationName = Release;
		};
		3AC6CD6A273B08E200362725 /* Build configuration list for PBXNativeTarget "Mod 1 final assignment" */ = {
			isa = XCConfigurationList;
			buildConfigurations = (
				3AC6CD6B273B08E200362725 /* Debug */,
				3AC6CD6C273B08E200362725 /* Release */,
			);
			defaultConfigurationIsVisible = 0;
			defaultConfigurationName = Release;
		};
/* End XCConfigurationList section */
	};
	rootObject = 3AC6CD54273B08E000362725 /* Project object */;
}
